
Microsoft Visual Studio Solution File, Format Version 12.00
# Visual Studio 15
VisualStudioVersion = 15.0.26124.0
MinimumVisualStudioVersion = 15.0.26124.0
Project("{FAE04EC0-301F-11D3-BF4B-00C04F79EFBC}") = "R5T.Stavanger.Base.Construction", "R5T.Stavanger.Base.Construction\R5T.Stavanger.Base.Construction.csproj", "{B0CC57E4-E939-4857-880D-06D5A71E8D87}"
EndProject
Project("{FAE04EC0-301F-11D3-BF4B-00C04F79EFBC}") = "R5T.Stavanger.Base", "R5T.Stavanger.Base\R5T.Stavanger.Base.csproj", "{F9E3FBAC-B0F0-4120-9B9B-83126F302D5A}"
EndProject
Project("{2150E333-8FDC-42A3-9474-1A3956D46DE8}") = "_Dependencies", "_Dependencies", "{E39AB628-1260-4586-A6EA-371A5797F2DB}"
EndProject
Project("{FAE04EC0-301F-11D3-BF4B-00C04F79EFBC}") = "R5T.T0064", "..\..\R5T.T0064\source\R5T.T0064\R5T.T0064.csproj", "{DFE03D9F-C898-4D1D-A681-FC9292F63E09}"
EndProject
Global
	GlobalSection(SolutionConfigurationPlatforms) = preSolution
		Debug|Any CPU = Debug|Any CPU
		Debug|x64 = Debug|x64
		Debug|x86 = Debug|x86
		Release|Any CPU = Release|Any CPU
		Release|x64 = Release|x64
		Release|x86 = Release|x86
	EndGlobalSection
	GlobalSection(SolutionProperties) = preSolution
		HideSolutionNode = FALSE
	EndGlobalSection
	GlobalSection(ProjectConfigurationPlatforms) = postSolution
		{B0CC57E4-E939-4857-880D-06D5A71E8D87}.Debug|Any CPU.ActiveCfg = Debug|Any CPU
		{B0CC57E4-E939-4857-880D-06D5A71E8D87}.Debug|Any CPU.Build.0 = Debug|Any CPU
		{B0CC57E4-E939-4857-880D-06D5A71E8D87}.Debug|x64.ActiveCfg = Debug|Any CPU
		{B0CC57E4-E939-4857-880D-06D5A71E8D87}.Debug|x64.Build.0 = Debug|Any CPU
		{B0CC57E4-E939-4857-880D-06D5A71E8D87}.Debug|x86.ActiveCfg = Debug|Any CPU
		{B0CC57E4-E939-4857-880D-06D5A71E8D87}.Debug|x86.Build.0 = Debug|Any CPU
		{B0CC57E4-E939-4857-880D-06D5A71E8D87}.Release|Any CPU.ActiveCfg = Release|Any CPU
		{B0CC57E4-E939-4857-880D-06D5A71E8D87}.Release|Any CPU.Build.0 = Release|Any CPU
		{B0CC57E4-E939-4857-880D-06D5A71E8D87}.Release|x64.ActiveCfg = Release|Any CPU
		{B0CC57E4-E939-4857-880D-06D5A71E8D87}.Release|x64.Build.0 = Release|Any CPU
		{B0CC57E4-E939-4857-880D-06D5A71E8D87}.Release|x86.ActiveCfg = Release|Any CPU
		{B0CC57E4-E939-4857-880D-06D5A71E8D87}.Release|x86.Build.0 = Release|Any CPU
		{F9E3FBAC-B0F0-4120-9B9B-83126F302D5A}.Debug|Any CPU.ActiveCfg = Debug|Any CPU
		{F9E3FBAC-B0F0-4120-9B9B-83126F302D5A}.Debug|Any CPU.Build.0 = Debug|Any CPU
		{F9E3FBAC-B0F0-4120-9B9B-83126F302D5A}.Debug|x64.ActiveCfg = Debug|Any CPU
		{F9E3FBAC-B0F0-4120-9B9B-83126F302D5A}.Debug|x64.Build.0 = Debug|Any CPU
		{F9E3FBAC-B0F0-4120-9B9B-83126F302D5A}.Debug|x86.ActiveCfg = Debug|Any CPU
		{F9E3FBAC-B0F0-4120-9B9B-83126F302D5A}.Debug|x86.Build.0 = Debug|Any CPU
		{F9E3FBAC-B0F0-4120-9B9B-83126F302D5A}.Release|Any CPU.ActiveCfg = Release|Any CPU
		{F9E3FBAC-B0F0-4120-9B9B-83126F302D5A}.Release|Any CPU.Build.0 = Release|Any CPU
		{F9E3FBAC-B0F0-4120-9B9B-83126F302D5A}.Release|x64.ActiveCfg = Release|Any CPU
		{F9E3FBAC-B0F0-4120-9B9B-83126F302D5A}.Release|x64.Build.0 = Release|Any CPU
		{F9E3FBAC-B0F0-4120-9B9B-83126F302D5A}.Release|x86.ActiveCfg = Release|Any CPU
		{F9E3FBAC-B0F0-4120-9B9B-83126F302D5A}.Release|x86.Build.0 = Release|Any CPU
		{DFE03D9F-C898-4D1D-A681-FC9292F63E09}.Debug|Any CPU.ActiveCfg = Debug|Any CPU
		{DFE03D9F-C898-4D1D-A681-FC9292F63E09}.Debug|Any CPU.Build.0 = Debug|Any CPU
		{DFE03D9F-C898-4D1D-A681-FC9292F63E09}.Debug|x64.ActiveCfg = Debug|Any CPU
		{DFE03D9F-C898-4D1D-A681-FC9292F63E09}.Debug|x64.Build.0 = Debug|Any CPU
		{DFE03D9F-C898-4D1D-A681-FC9292F63E09}.Debug|x86.ActiveCfg = Debug|Any CPU
		{DFE03D9F-C898-4D1D-A681-FC9292F63E09}.Debug|x86.Build.0 = Debug|Any CPU
		{DFE03D9F-C898-4D1D-A681-FC9292F63E09}.Release|Any CPU.ActiveCfg = Release|Any CPU
		{DFE03D9F-C898-4D1D-A681-FC9292F63E09}.Release|Any CPU.Build.0 = Release|Any CPU
		{DFE03D9F-C898-4D1D-A681-FC9292F63E09}.Release|x64.ActiveCfg = Release|Any CPU
		{DFE03D9F-C898-4D1D-A681-FC9292F63E09}.Release|x64.Build.0 = Release|Any CPU
		{DFE03D9F-C898-4D1D-A681-FC9292F63E09}.Release|x86.ActiveCfg = Release|Any CPU
		{DFE03D9F-C898-4D1D-A681-FC9292F63E09}.Release|x86.Build.0 = Release|Any CPU
	EndGlobalSection
	GlobalSection(NestedProjects) = preSolution
		{DFE03D9F-C898-4D1D-A681-FC9292F63E09} = {E39AB628-1260-4586-A6EA-371A5797F2DB}
	EndGlobalSection
EndGlobal
